<?xml version="1.0" encoding="utf-8"?>
<Project ToolsVersion="4.0" xmlns="http://schemas.microsoft.com/developer/msbuild/2003">
  <ItemGroup>
    <Filter Include="Source Files">
      <UniqueIdentifier>{2d2d9c73-5c89-497f-9c84-aee9d6095890}</UniqueIdentifier>
      <Extensions>cpp;c;cxx;rc;def;r;odl;idl;hpj;bat</Extensions>
    </Filter>
    <Filter Include="Header Files">
      <UniqueIdentifier>{cd8df3a1-54f0-4dfb-b416-5bacaa3b9efb}</UniqueIdentifier>
      <Extensions>h;hpp;hxx;hm;inl</Extensions>
    </Filter>
    <Filter Include="Resource Files">
      <UniqueIdentifier>{494dfe6f-3038-4274-b5b1-c12c42f85fa2}</UniqueIdentifier>
      <Extensions>ico;cur;bmp;dlg;rc2;rct;bin;rgs;gif;jpg;jpeg;jpe</Extensions>
    </Filter>
  </ItemGroup>
  <ItemGroup>
    <ClCompile Include="ActiveSession.cpp">
      <Filter>Source Files</Filter>
    </ClCompile>
    <ClCompile Include="ActiveSessions.cpp">
      <Filter>Source Files</Filter>
    </ClCompile>
    <ClCompile Include="ADOUtil.cpp">
      <Filter>Source Files</Filter>
    </ClCompile>
    <ClCompile Include="Counter.cpp">
      <Filter>Source Files</Filter>
    </ClCompile>
    <ClCompile Include="DBFile.cpp">
      <Filter>Source Files</Filter>
    </ClCompile>
    <ClCompile Include="EventLog.cpp">
      <Filter>Source Files</Filter>
    </ClCompile>
    <ClCompile Include="ibn_server.cpp">
      <Filter>Source Files</Filter>
    </ClCompile>
    <ClCompile Include="IbnPipeManger.cpp">
      <Filter>Source Files</Filter>
    </ClCompile>
    <ClCompile Include="ISAPIExt.cpp">
      <Filter>Source Files</Filter>
    </ClCompile>
    <ClCompile Include="McLicenseVerify\McActivation.cpp">
      <Filter>Source Files</Filter>
    </ClCompile>
    <ClCompile Include="McLicenseVerify\McLicenseVerify.cpp">
      <Filter>Source Files</Filter>
    </ClCompile>
    <ClCompile Include="OFSMatrix.cpp">
      <Filter>Source Files</Filter>
    </ClCompile>
    <ClCompile Include="PasswordUtil.cpp">
      <Filter>Source Files</Filter>
    </ClCompile>
    <ClCompile Include="PerfomStorage.cpp">
      <Filter>Source Files</Filter>
    </ClCompile>
    <ClCompile Include="RS2XML.cpp">
      <Filter>Source Files</Filter>
    </ClCompile>
    <ClCompile Include="StdAfx.cpp">
      <Filter>Source Files</Filter>
    </ClCompile>
    <ClCompile Include="SupportClass.cpp">
      <Filter>Source Files</Filter>
    </ClCompile>
    <ClCompile Include="SWMRG.cpp">
      <Filter>Source Files</Filter>
    </ClCompile>
    <ClCompile Include="XMLUtil.cpp">
      <Filter>Source Files</Filter>
    </ClCompile>
  </ItemGroup>
  <ItemGroup>
    <None Include="EventLogMessages.Compile.bat">
      <Filter>Source Files</Filter>
    </None>
    <None Include="ibn_server.def">
      <Filter>Source Files</Filter>
    </None>
    <None Include="McLicenseVerify\atlcrypt.inl">
      <Filter>Header Files</Filter>
    </None>
    <None Include="res\ibn_server.rc2">
      <Filter>Resource Files</Filter>
    </None>
    <None Include="MSG00409.bin">
      <Filter>Resource Files</Filter>
    </None>
    <None Include="EventLogMessages.mc" />
    <None Include="ReadMe.txt" />
  </ItemGroup>
  <ItemGroup>
    <ResourceCompile Include="EventLogMessages.rc">
      <Filter>Source Files</Filter>
    </ResourceCompile>
    <ResourceCompile Include="ibn_server.rc">
      <Filter>Source Files</Filter>
    </ResourceCompile>
  </ItemGroup>
  <ItemGroup>
    <ClInclude Include="RS2XML.h">
      <Filter>Source Files</Filter>
    </ClInclude>
    <ClInclude Include="ActiveSession.h">
      <Filter>Header Files</Filter>
    </ClInclude>
    <ClInclude Include="ActiveSessions.h">
      <Filter>Header Files</Filter>
    </ClInclude>
    <ClInclude Include="ADOUtil.h">
      <Filter>Header Files</Filter>
    </ClInclude>
    <ClInclude Include="McLicenseVerify\atlcrypt.h">
      <Filter>Header Files</Filter>
    </ClInclude>
    <ClInclude Include="Counter.h">
      <Filter>Header Files</Filter>
    </ClInclude>
    <ClInclude Include="DBFile.h">
      <Filter>Header Files</Filter>
    </ClInclude>
    <ClInclude Include="DefPipe.h">
      <Filter>Header Files</Filter>
    </ClInclude>
    <ClInclude Include="EventLog.h">
      <Filter>Header Files</Filter>
    </ClInclude>
    <ClInclude Include="EventLogMessages.h">
      <Filter>Header Files</Filter>
    </ClInclude>
    <ClInclude Include="ExchangeData.h">
      <Filter>Header Files</Filter>
    </ClInclude>
    <ClInclude Include="ExternalDeclarations.h">
      <Filter>Header Files</Filter>
    </ClInclude>
    <ClInclude Include="ibn_server.h">
      <Filter>Header Files</Filter>
    </ClInclude>
    <ClInclude Include="IbnPipeManger.h">
      <Filter>Header Files</Filter>
    </ClInclude>
    <ClInclude Include="ISAPIExt.h">
      <Filter>Header Files</Filter>
    </ClInclude>
    <ClInclude Include="ISAPIRequest.h">
      <Filter>Header Files</Filter>
    </ClInclude>
    <ClInclude Include="McLicenseVerify\McActivation.h">
      <Filter>Header Files</Filter>
    </ClInclude>
    <ClInclude Include="McLicenseVerify\McLicenseVerify.h">
      <Filter>Header Files</Filter>
    </ClInclude>
    <ClInclude Include="OFSMatrix.h">
      <Filter>Header Files</Filter>
    </ClInclude>
    <ClInclude Include="PasswordUtil.h">
      <Filter>Header Files</Filter>
    </ClInclude>
    <ClInclude Include="PerfomStorage.h">
      <Filter>Header Files</Filter>
    </ClInclude>
    <ClInclude Include="Resource.h">
      <Filter>Header Files</Filter>
    </ClInclude>
    <ClInclude Include="RS2XML_DEFS.h">
      <Filter>Header Files</Filter>
    </ClInclude>
    <ClInclude Include="StdAfx.h">
      <Filter>Header Files</Filter>
    </ClInclude>
    <ClInclude Include="SupportClass.h">
      <Filter>Header Files</Filter>
    </ClInclude>
    <ClInclude Include="SWMRG.h">
      <Filter>Header Files</Filter>
    </ClInclude>
    <ClInclude Include="XMLUtil.h">
      <Filter>Header Files</Filter>
    </ClInclude>
  </ItemGroup>
</Project>