
Microsoft Visual Studio Solution File, Format Version 9.00
# Visual Studio 2005
Project("{8BC9CEB8-8B4A-11D0-8D11-00A0C91BC942}") = "McConverterSessionServerPS", "McConverterSessionServerPS.vcproj", "{9AFD80AC-25D2-4715-9D2E-21BA9E0E741B}"
	ProjectSection(WebsiteProperties) = preProject
		Debug.AspNetCompiler.Debug = "True"
		Release.AspNetCompiler.Debug = "False"
	EndProjectSection
EndProject
Project("{8BC9CEB8-8B4A-11D0-8D11-00A0C91BC942}") = "McConverterSessionServer", "McConverterSessionServer.vcproj", "{F82709F2-EC85-4BB3-8633-B413881AE5EA}"
	ProjectSection(WebsiteProperties) = preProject
		Debug.AspNetCompiler.Debug = "True"
		Release.AspNetCompiler.Debug = "False"
	EndProjectSection
EndProject
Global
	GlobalSection(SolutionConfigurationPlatforms) = preSolution
		Debug|Win32 = Debug|Win32
		Release|Win32 = Release|Win32
	EndGlobalSection
	GlobalSection(ProjectConfigurationPlatforms) = postSolution
		{9AFD80AC-25D2-4715-9D2E-21BA9E0E741B}.Debug|Win32.ActiveCfg = Debug|Win32
		{9AFD80AC-25D2-4715-9D2E-21BA9E0E741B}.Release|Win32.ActiveCfg = Release|Win32
		{F82709F2-EC85-4BB3-8633-B413881AE5EA}.Debug|Win32.ActiveCfg = Debug|Win32
		{F82709F2-EC85-4BB3-8633-B413881AE5EA}.Debug|Win32.Build.0 = Debug|Win32
		{F82709F2-EC85-4BB3-8633-B413881AE5EA}.Release|Win32.ActiveCfg = Release|Win32
		{F82709F2-EC85-4BB3-8633-B413881AE5EA}.Release|Win32.Build.0 = Release|Win32
	EndGlobalSection
	GlobalSection(SolutionProperties) = preSolution
		HideSolutionNode = FALSE
	EndGlobalSection
EndGlobal
