<?xml version="1.0" encoding="utf-8"?>
<Project ToolsVersion="4.0" xmlns="http://schemas.microsoft.com/developer/msbuild/2003">
  <ItemGroup>
    <Filter Include="Source Files">
      <UniqueIdentifier>{39199aaf-1d32-449f-aa86-e2a94b616de4}</UniqueIdentifier>
      <Extensions>cpp;c;cxx;rc;def;r;odl;idl;hpj;bat</Extensions>
    </Filter>
    <Filter Include="Header Files">
      <UniqueIdentifier>{5c0ebad5-e30f-4bb2-ae8d-3e51debd6e4f}</UniqueIdentifier>
      <Extensions>h;hpp;hxx;hm;inl</Extensions>
    </Filter>
    <Filter Include="Resource Files">
      <UniqueIdentifier>{b286a245-ae67-4b6d-a3f4-7b0ef90c5bbc}</UniqueIdentifier>
      <Extensions>ico;cur;bmp;dlg;rc2;rct;bin;rgs;gif;jpg;jpeg;jpe</Extensions>
    </Filter>
  </ItemGroup>
  <ItemGroup>
    <ClCompile Include="ATL_NetLib.cpp">
      <Filter>Source Files</Filter>
    </ClCompile>
    <ClCompile Include="BaseNetData.cpp">
      <Filter>Source Files</Filter>
    </ClCompile>
    <ClCompile Include="BaseNetManager.cpp">
      <Filter>Source Files</Filter>
    </ClCompile>
    <ClCompile Include="CommandQueue.cpp">
      <Filter>Source Files</Filter>
    </ClCompile>
    <ClCompile Include="File.cpp">
      <Filter>Source Files</Filter>
    </ClCompile>
    <ClCompile Include="Files.cpp">
      <Filter>Source Files</Filter>
    </ClCompile>
    <ClCompile Include="IChat.cpp">
      <Filter>Source Files</Filter>
    </ClCompile>
    <ClCompile Include="IChats.cpp">
      <Filter>Source Files</Filter>
    </ClCompile>
    <ClCompile Include="IM_Net.cpp">
      <Filter>Source Files</Filter>
    </ClCompile>
    <ClCompile Include="Message.cpp">
      <Filter>Source Files</Filter>
    </ClCompile>
    <ClCompile Include="Messages.cpp">
      <Filter>Source Files</Filter>
    </ClCompile>
    <ClCompile Include="Promo.cpp">
      <Filter>Source Files</Filter>
    </ClCompile>
    <ClCompile Include="Promos.cpp">
      <Filter>Source Files</Filter>
    </ClCompile>
    <ClCompile Include="Session.cpp">
      <Filter>Source Files</Filter>
    </ClCompile>
    <ClCompile Include="SID.cpp">
      <Filter>Source Files</Filter>
    </ClCompile>
    <ClCompile Include="SIDs.cpp">
      <Filter>Source Files</Filter>
    </ClCompile>
    <ClCompile Include="StdAfx.cpp">
      <Filter>Source Files</Filter>
    </ClCompile>
    <ClCompile Include="User.cpp">
      <Filter>Source Files</Filter>
    </ClCompile>
    <ClCompile Include="Users.cpp">
      <Filter>Source Files</Filter>
    </ClCompile>
  </ItemGroup>
  <ItemGroup>
    <Midl Include="ATL_NetLib.idl">
      <Filter>Source Files</Filter>
    </Midl>
  </ItemGroup>
  <ItemGroup>
    <ResourceCompile Include="ATL_NetLib.rc">
      <Filter>Source Files</Filter>
    </ResourceCompile>
  </ItemGroup>
  <ItemGroup>
    <ClInclude Include="APIHook.h">
      <Filter>Header Files</Filter>
    </ClInclude>
    <ClInclude Include="ATL_NetLibCP.h">
      <Filter>Header Files</Filter>
    </ClInclude>
    <ClInclude Include="BaseNetData.h">
      <Filter>Header Files</Filter>
    </ClInclude>
    <ClInclude Include="BaseNetManager.h">
      <Filter>Header Files</Filter>
    </ClInclude>
    <ClInclude Include="Collections.h">
      <Filter>Header Files</Filter>
    </ClInclude>
    <ClInclude Include="CommandQueue.h">
      <Filter>Header Files</Filter>
    </ClInclude>
    <ClInclude Include="defConst.h">
      <Filter>Header Files</Filter>
    </ClInclude>
    <ClInclude Include="File.h">
      <Filter>Header Files</Filter>
    </ClInclude>
    <ClInclude Include="Files.h">
      <Filter>Header Files</Filter>
    </ClInclude>
    <ClInclude Include="IChat.h">
      <Filter>Header Files</Filter>
    </ClInclude>
    <ClInclude Include="IChats.h">
      <Filter>Header Files</Filter>
    </ClInclude>
    <ClInclude Include="IM_Net.h">
      <Filter>Header Files</Filter>
    </ClInclude>
    <ClInclude Include="LogEX.h">
      <Filter>Header Files</Filter>
    </ClInclude>
    <ClInclude Include="Message.h">
      <Filter>Header Files</Filter>
    </ClInclude>
    <ClInclude Include="Messages.h">
      <Filter>Header Files</Filter>
    </ClInclude>
    <ClInclude Include="Promo.h">
      <Filter>Header Files</Filter>
    </ClInclude>
    <ClInclude Include="Promos.h">
      <Filter>Header Files</Filter>
    </ClInclude>
    <ClInclude Include="Resource.h">
      <Filter>Header Files</Filter>
    </ClInclude>
    <ClInclude Include="Session.h">
      <Filter>Header Files</Filter>
    </ClInclude>
    <ClInclude Include="SID.h">
      <Filter>Header Files</Filter>
    </ClInclude>
    <ClInclude Include="SIDs.h">
      <Filter>Header Files</Filter>
    </ClInclude>
    <ClInclude Include="StdAfx.h">
      <Filter>Header Files</Filter>
    </ClInclude>
    <ClInclude Include="Structs.h">
      <Filter>Header Files</Filter>
    </ClInclude>
    <ClInclude Include="User.h">
      <Filter>Header Files</Filter>
    </ClInclude>
    <ClInclude Include="Users.h">
      <Filter>Header Files</Filter>
    </ClInclude>
    <ClInclude Include="atlenc-mc.h">
      <Filter>Header Files</Filter>
    </ClInclude>
  </ItemGroup>
  <ItemGroup>
    <CustomBuild Include="ATL_NetLib.def">
      <Filter>Source Files</Filter>
    </CustomBuild>
    <CustomBuild Include="CallBackEvents.rgs">
      <Filter>Resource Files</Filter>
    </CustomBuild>
    <CustomBuild Include="Config.rgs">
      <Filter>Resource Files</Filter>
    </CustomBuild>
    <CustomBuild Include="cursor1.cur">
      <Filter>Resource Files</Filter>
    </CustomBuild>
    <CustomBuild Include="File.rgs">
      <Filter>Resource Files</Filter>
    </CustomBuild>
    <CustomBuild Include="Files.rgs">
      <Filter>Resource Files</Filter>
    </CustomBuild>
    <CustomBuild Include="IChat.rgs">
      <Filter>Resource Files</Filter>
    </CustomBuild>
    <CustomBuild Include="IChats.rgs">
      <Filter>Resource Files</Filter>
    </CustomBuild>
    <CustomBuild Include="Message.rgs">
      <Filter>Resource Files</Filter>
    </CustomBuild>
    <CustomBuild Include="Messages.rgs">
      <Filter>Resource Files</Filter>
    </CustomBuild>
    <CustomBuild Include="Promo.rgs">
      <Filter>Resource Files</Filter>
    </CustomBuild>
    <CustomBuild Include="Promos.rgs">
      <Filter>Resource Files</Filter>
    </CustomBuild>
    <CustomBuild Include="Session.rgs">
      <Filter>Resource Files</Filter>
    </CustomBuild>
    <CustomBuild Include="SID.rgs">
      <Filter>Resource Files</Filter>
    </CustomBuild>
    <CustomBuild Include="SIDs.rgs">
      <Filter>Resource Files</Filter>
    </CustomBuild>
    <CustomBuild Include="User.rgs">
      <Filter>Resource Files</Filter>
    </CustomBuild>
    <CustomBuild Include="Users.rgs">
      <Filter>Resource Files</Filter>
    </CustomBuild>
  </ItemGroup>
</Project>