
Microsoft Visual Studio Solution File, Format Version 11.00
# Visual Studio 2010
Project("{8BC9CEB8-8B4A-11D0-8D11-00A0C91BC942}") = "IMClient", "IMClient\IMClient.vcxproj", "{00557137-84C9-30B4-2CEC-21AA43DCC54E}"
	ProjectSection(ProjectDependencies) = postProject
		{F093552C-61B8-5203-EB21-5D7997055BE3} = {F093552C-61B8-5203-EB21-5D7997055BE3}
		{B4EC16E0-FAEB-4121-A428-7061C3158F02} = {B4EC16E0-FAEB-4121-A428-7061C3158F02}
	EndProjectSection
EndProject
Project("{8BC9CEB8-8B4A-11D0-8D11-00A0C91BC942}") = "cximage", "cximage\cximage.vcxproj", "{B4EC16E0-FAEB-4121-A428-7061C3158F02}"
	ProjectSection(ProjectDependencies) = postProject
		{B67EDCF2-F4C5-49BC-A1A3-D25F201622BD} = {B67EDCF2-F4C5-49BC-A1A3-D25F201622BD}
	EndProjectSection
EndProject
Project("{8BC9CEB8-8B4A-11D0-8D11-00A0C91BC942}") = "jpeg", "jpeg\jpeg.vcxproj", "{B67EDCF2-F4C5-49BC-A1A3-D25F201622BD}"
EndProject
Project("{8BC9CEB8-8B4A-11D0-8D11-00A0C91BC942}") = "ATL_NetLib", "ATL_NetLib\ATL_NetLib.vcxproj", "{F093552C-61B8-5203-EB21-5D7997055BE3}"
EndProject
Project("{8BC9CEB8-8B4A-11D0-8D11-00A0C91BC942}") = "IMClientLang1049", "IMClientLang1049\IMClientLang1049.vcxproj", "{58E7676C-1024-8843-84B2-C0DD977EA25F}"
EndProject
Project("{8BC9CEB8-8B4A-11D0-8D11-00A0C91BC942}") = "IMClientLang1033", "IMClientLang1033\IMClientLang1033.vcxproj", "{76D1435E-8FD6-725A-58BD-75A3F601A300}"
EndProject
Project("{2150E333-8FDC-42A3-9474-1A3956D46DE8}") = "Components", "Components", "{6BEF0113-7A64-4DC6-93C8-EFF7992EA531}"
	ProjectSection(SolutionItems) = preProject
		Components\COMHIST.dll = Components\COMHIST.dll
		Components\MCFormSender.dll = Components\MCFormSender.dll
		Components\MpaWebControl.dll = Components\MpaWebControl.dll
	EndProjectSection
EndProject
Global
	GlobalSection(TeamFoundationVersionControl) = preSolution
		SccNumberOfProjects = 7
		SccEnterpriseProvider = {4CA58AB2-18FA-4F8D-95D4-32DDF27D184C}
		SccTeamFoundationServer = http://tfs.mediachase.ru:8080/
		SccLocalPath0 = .
		SccProjectUniqueName1 = ATL_NetLib\\ATL_NetLib.vcxproj
		SccProjectName1 = ATL_NetLib
		SccLocalPath1 = ATL_NetLib
		SccProjectUniqueName2 = cximage\\cximage.vcxproj
		SccProjectName2 = cximage
		SccLocalPath2 = cximage
		SccProjectUniqueName3 = IMClient\\IMClient.vcxproj
		SccProjectName3 = IMClient
		SccLocalPath3 = IMClient
		SccProjectUniqueName4 = IMClientLang1033\\IMClientLang1033.vcxproj
		SccProjectName4 = IMClientLang1033
		SccLocalPath4 = IMClientLang1033
		SccProjectUniqueName5 = IMClientLang1049\\IMClientLang1049.vcxproj
		SccProjectName5 = IMClientLang1049
		SccLocalPath5 = IMClientLang1049
		SccProjectUniqueName6 = jpeg\\jpeg.vcxproj
		SccProjectName6 = jpeg
		SccLocalPath6 = jpeg
	EndGlobalSection
	GlobalSection(SolutionConfigurationPlatforms) = preSolution
		Debug|Win32 = Debug|Win32
		Release_IBN|Win32 = Release_IBN|Win32
		Release_MagRul|Win32 = Release_MagRul|Win32
	EndGlobalSection
	GlobalSection(ProjectConfigurationPlatforms) = postSolution
		{00557137-84C9-30B4-2CEC-21AA43DCC54E}.Debug|Win32.ActiveCfg = Debug|Win32
		{00557137-84C9-30B4-2CEC-21AA43DCC54E}.Debug|Win32.Build.0 = Debug|Win32
		{00557137-84C9-30B4-2CEC-21AA43DCC54E}.Release_IBN|Win32.ActiveCfg = Release_IBN|Win32
		{00557137-84C9-30B4-2CEC-21AA43DCC54E}.Release_IBN|Win32.Build.0 = Release_IBN|Win32
		{00557137-84C9-30B4-2CEC-21AA43DCC54E}.Release_MagRul|Win32.ActiveCfg = Release_MagRul|Win32
		{00557137-84C9-30B4-2CEC-21AA43DCC54E}.Release_MagRul|Win32.Build.0 = Release_MagRul|Win32
		{B4EC16E0-FAEB-4121-A428-7061C3158F02}.Debug|Win32.ActiveCfg = Debug|Win32
		{B4EC16E0-FAEB-4121-A428-7061C3158F02}.Debug|Win32.Build.0 = Debug|Win32
		{B4EC16E0-FAEB-4121-A428-7061C3158F02}.Release_IBN|Win32.ActiveCfg = Release_IBN|Win32
		{B4EC16E0-FAEB-4121-A428-7061C3158F02}.Release_IBN|Win32.Build.0 = Release_IBN|Win32
		{B4EC16E0-FAEB-4121-A428-7061C3158F02}.Release_MagRul|Win32.ActiveCfg = Release_MagRul|Win32
		{B4EC16E0-FAEB-4121-A428-7061C3158F02}.Release_MagRul|Win32.Build.0 = Release_MagRul|Win32
		{B67EDCF2-F4C5-49BC-A1A3-D25F201622BD}.Debug|Win32.ActiveCfg = Debug|Win32
		{B67EDCF2-F4C5-49BC-A1A3-D25F201622BD}.Debug|Win32.Build.0 = Debug|Win32
		{B67EDCF2-F4C5-49BC-A1A3-D25F201622BD}.Release_IBN|Win32.ActiveCfg = Release_IBN|Win32
		{B67EDCF2-F4C5-49BC-A1A3-D25F201622BD}.Release_IBN|Win32.Build.0 = Release_IBN|Win32
		{B67EDCF2-F4C5-49BC-A1A3-D25F201622BD}.Release_MagRul|Win32.ActiveCfg = Release_MagRul|Win32
		{B67EDCF2-F4C5-49BC-A1A3-D25F201622BD}.Release_MagRul|Win32.Build.0 = Release_MagRul|Win32
		{F093552C-61B8-5203-EB21-5D7997055BE3}.Debug|Win32.ActiveCfg = Debug|Win32
		{F093552C-61B8-5203-EB21-5D7997055BE3}.Debug|Win32.Build.0 = Debug|Win32
		{F093552C-61B8-5203-EB21-5D7997055BE3}.Release_IBN|Win32.ActiveCfg = Release_IBN|Win32
		{F093552C-61B8-5203-EB21-5D7997055BE3}.Release_IBN|Win32.Build.0 = Release_IBN|Win32
		{F093552C-61B8-5203-EB21-5D7997055BE3}.Release_MagRul|Win32.ActiveCfg = Release_MagRul|Win32
		{F093552C-61B8-5203-EB21-5D7997055BE3}.Release_MagRul|Win32.Build.0 = Release_MagRul|Win32
		{58E7676C-1024-8843-84B2-C0DD977EA25F}.Debug|Win32.ActiveCfg = Debug|Win32
		{58E7676C-1024-8843-84B2-C0DD977EA25F}.Debug|Win32.Build.0 = Debug|Win32
		{58E7676C-1024-8843-84B2-C0DD977EA25F}.Release_IBN|Win32.ActiveCfg = Release_IBN|Win32
		{58E7676C-1024-8843-84B2-C0DD977EA25F}.Release_IBN|Win32.Build.0 = Release_IBN|Win32
		{58E7676C-1024-8843-84B2-C0DD977EA25F}.Release_MagRul|Win32.ActiveCfg = Release_MagRul|Win32
		{58E7676C-1024-8843-84B2-C0DD977EA25F}.Release_MagRul|Win32.Build.0 = Release_MagRul|Win32
		{76D1435E-8FD6-725A-58BD-75A3F601A300}.Debug|Win32.ActiveCfg = Debug|Win32
		{76D1435E-8FD6-725A-58BD-75A3F601A300}.Debug|Win32.Build.0 = Debug|Win32
		{76D1435E-8FD6-725A-58BD-75A3F601A300}.Release_IBN|Win32.ActiveCfg = Release_IBN|Win32
		{76D1435E-8FD6-725A-58BD-75A3F601A300}.Release_IBN|Win32.Build.0 = Release_IBN|Win32
		{76D1435E-8FD6-725A-58BD-75A3F601A300}.Release_MagRul|Win32.ActiveCfg = Release_MagRul|Win32
		{76D1435E-8FD6-725A-58BD-75A3F601A300}.Release_MagRul|Win32.Build.0 = Release_MagRul|Win32
	EndGlobalSection
	GlobalSection(SolutionProperties) = preSolution
		HideSolutionNode = FALSE
	EndGlobalSection
EndGlobal
