<?xml version="1.0" encoding="utf-8"?>
<Project ToolsVersion="4.0" xmlns="http://schemas.microsoft.com/developer/msbuild/2003">
  <ItemGroup>
    <Filter Include="Source Files">
      <UniqueIdentifier>{95be0442-f2e1-46be-b4c8-409309e2d2e8}</UniqueIdentifier>
      <Extensions>cpp;c;cxx;rc;def;r;odl;idl;hpj;bat</Extensions>
    </Filter>
    <Filter Include="Header Files">
      <UniqueIdentifier>{ddc0b20e-1b1a-4834-ac06-026207cbf111}</UniqueIdentifier>
      <Extensions>h;hpp;hxx;hm;inl</Extensions>
    </Filter>
    <Filter Include="Resource Files">
      <UniqueIdentifier>{26a0ae79-1c13-4f24-8cac-75b9ed498114}</UniqueIdentifier>
      <Extensions>ico;cur;bmp;dlg;rc2;rct;bin;rgs;gif;jpg;jpeg;jpe</Extensions>
    </Filter>
  </ItemGroup>
  <ItemGroup>
    <ClCompile Include="AddUserDlg.cpp">
      <Filter>Source Files</Filter>
    </ClCompile>
    <ClCompile Include="AddUserRequest.cpp">
      <Filter>Source Files</Filter>
    </ClCompile>
    <ClCompile Include="OFSDhtmlEditCtrl\Ambients.cpp">
      <Filter>Source Files</Filter>
    </ClCompile>
    <ClCompile Include="ccootree.cpp">
      <Filter>Source Files</Filter>
    </ClCompile>
    <ClCompile Include="cdib.cpp">
      <Filter>Source Files</Filter>
    </ClCompile>
    <ClCompile Include="Chat.cpp">
      <Filter>Source Files</Filter>
    </ClCompile>
    <ClCompile Include="ChatCreateDlg.cpp">
      <Filter>Source Files</Filter>
    </ClCompile>
    <ClCompile Include="ChatDlg.cpp">
      <Filter>Source Files</Filter>
    </ClCompile>
    <ClCompile Include="ChooseFolder.cpp">
      <Filter>Source Files</Filter>
    </ClCompile>
    <ClCompile Include="ColorMenu.cpp">
      <Filter>Source Files</Filter>
    </ClCompile>
    <ClCompile Include="Inet\CoolInet2.cpp">
      <Filter>Source Files</Filter>
    </ClCompile>
    <ClCompile Include="CoolMenu.cpp">
      <Filter>Source Files</Filter>
    </ClCompile>
    <ClCompile Include="CxImageCtrl.cpp">
      <Filter>Source Files</Filter>
    </ClCompile>
    <ClCompile Include="DelChatDlg.cpp">
      <Filter>Source Files</Filter>
    </ClCompile>
    <ClCompile Include="DelUserDlg.cpp">
      <Filter>Source Files</Filter>
    </ClCompile>
    <ClCompile Include="OFSDhtmlEditCtrl\DHSHWUI.CPP">
      <Filter>Source Files</Filter>
    </ClCompile>
    <ClCompile Include="OFSDhtmlEditCtrl\DHUIHNDL.CPP">
      <Filter>Source Files</Filter>
    </ClCompile>
    <ClCompile Include="DlgAbout.cpp">
      <Filter>Source Files</Filter>
    </ClCompile>
    <ClCompile Include="DlgNetOptions2.cpp">
      <Filter>Source Files</Filter>
    </ClCompile>
    <ClCompile Include="DlgPreferences.cpp">
      <Filter>Source Files</Filter>
    </ClCompile>
    <ClCompile Include="DlgTV.cpp">
      <Filter>Source Files</Filter>
    </ClCompile>
    <ClCompile Include="EditMessageTemplateDlg.cpp">
      <Filter>Source Files</Filter>
    </ClCompile>
    <ClCompile Include="Inet\EventContainer.cpp">
      <Filter>Source Files</Filter>
    </ClCompile>
    <ClCompile Include="FileDescriptioDlg.cpp">
      <Filter>Source Files</Filter>
    </ClCompile>
    <ClCompile Include="FileDownloadDlg.cpp">
      <Filter>Source Files</Filter>
    </ClCompile>
    <ClCompile Include="FileDownloader.cpp">
      <Filter>Source Files</Filter>
    </ClCompile>
    <ClCompile Include="FileExplore.cpp">
      <Filter>Source Files</Filter>
    </ClCompile>
    <ClCompile Include="FileManagerDlg.cpp">
      <Filter>Source Files</Filter>
    </ClCompile>
    <ClCompile Include="FileUploadDlg.cpp">
      <Filter>Source Files</Filter>
    </ClCompile>
    <ClCompile Include="FolderChangeNotfication.cpp">
      <Filter>Source Files</Filter>
    </ClCompile>
    <ClCompile Include="GlobalFunction.cpp">
      <Filter>Source Files</Filter>
    </ClCompile>
    <ClCompile Include="GroupAssingToDo.cpp">
      <Filter>Source Files</Filter>
    </ClCompile>
    <ClCompile Include="GroupFileDescriptionDlg.cpp">
      <Filter>Source Files</Filter>
    </ClCompile>
    <ClCompile Include="GroupMessageSendDlg.cpp">
      <Filter>Source Files</Filter>
    </ClCompile>
    <ClCompile Include="HistoryDlg.cpp">
      <Filter>Source Files</Filter>
    </ClCompile>
    <ClCompile Include="HttpDownloader.cpp">
      <Filter>Source Files</Filter>
    </ClCompile>
    <ClCompile Include="OFSDhtmlEditCtrl\IADVSINK.CPP">
      <Filter>Source Files</Filter>
    </ClCompile>
    <ClCompile Include="IbnCommandWnd.cpp">
      <Filter>Source Files</Filter>
    </ClCompile>
    <ClCompile Include="IBNTO_MESSAGE.cpp">
      <Filter>Source Files</Filter>
    </ClCompile>
    <ClCompile Include="IBNToHandlerWindow.cpp">
      <Filter>Source Files</Filter>
    </ClCompile>
    <ClCompile Include="IBNUpdate.cpp">
      <Filter>Source Files</Filter>
    </ClCompile>
    <ClCompile Include="OFSDhtmlEditCtrl\ICLISITE.CPP">
      <Filter>Source Files</Filter>
    </ClCompile>
    <ClCompile Include="OFSDhtmlEditCtrl\IDOCSITE.CPP">
      <Filter>Source Files</Filter>
    </ClCompile>
    <ClCompile Include="OFSDhtmlEditCtrl\IIPSITE.CPP">
      <Filter>Source Files</Filter>
    </ClCompile>
    <ClCompile Include="InviteChatDlg.cpp">
      <Filter>Source Files</Filter>
    </ClCompile>
    <ClCompile Include="Label.cpp">
      <Filter>Source Files</Filter>
    </ClCompile>
    <ClCompile Include="LoadSkins.cpp">
      <Filter>Source Files</Filter>
    </ClCompile>
    <ClCompile Include="LoginDlg.cpp">
      <Filter>Source Files</Filter>
    </ClCompile>
    <ClCompile Include="MainDlg.cpp">
      <Filter>Source Files</Filter>
    </ClCompile>
    <ClCompile Include="McAppBar.cpp">
      <Filter>Source Files</Filter>
    </ClCompile>
    <ClCompile Include="McAppCtrl.cpp">
      <Filter>Source Files</Filter>
    </ClCompile>
    <ClCompile Include="mcbutton.cpp">
      <Filter>Source Files</Filter>
    </ClCompile>
    <ClCompile Include="McLoaderImpl.cpp">
      <Filter>Source Files</Filter>
    </ClCompile>
    <ClCompile Include="McLoginAutoCompleteSource.cpp">
      <Filter>Source Files</Filter>
    </ClCompile>
    <ClCompile Include="McLogo.cpp">
      <Filter>Source Files</Filter>
    </ClCompile>
    <ClCompile Include="McMessengerHost.cpp">
      <Filter>Source Files</Filter>
    </ClCompile>
    <ClCompile Include="mcprogress.cpp">
      <Filter>Source Files</Filter>
    </ClCompile>
    <ClCompile Include="McSettings.cpp">
      <Filter>Source Files</Filter>
    </ClCompile>
    <ClCompile Include="McSettingsDlg.cpp">
      <Filter>Source Files</Filter>
    </ClCompile>
    <ClCompile Include="mcticker.cpp">
      <Filter>Source Files</Filter>
    </ClCompile>
    <ClCompile Include="McUpdateWindow.cpp">
      <Filter>Source Files</Filter>
    </ClCompile>
    <ClCompile Include="McVersionInfo.cpp">
      <Filter>Source Files</Filter>
    </ClCompile>
    <ClCompile Include="McWindowDetails.cpp">
      <Filter>Source Files</Filter>
    </ClCompile>
    <ClCompile Include="mediaplayer2.cpp">
      <Filter>Source Files</Filter>
    </ClCompile>
    <ClCompile Include="Message.cpp">
      <Filter>Source Files</Filter>
    </ClCompile>
    <ClCompile Include="MessageDlg.cpp">
      <Filter>Source Files</Filter>
    </ClCompile>
    <ClCompile Include="MessageSplitDlg3.cpp">
      <Filter>Source Files</Filter>
    </ClCompile>
    <ClCompile Include="MiniDump\MiniDump.cpp">
      <Filter>Source Files</Filter>
    </ClCompile>
    <ClCompile Include="MonitorDialog.cpp">
      <Filter>Source Files</Filter>
    </ClCompile>
    <ClCompile Include="MonitorGraph.cpp">
      <Filter>Source Files</Filter>
    </ClCompile>
    <ClCompile Include="mpadhtmlctrl.cpp">
      <Filter>Source Files</Filter>
    </ClCompile>
    <ClCompile Include="MpaWebEvent.cpp">
      <Filter>Source Files</Filter>
    </ClCompile>
    <ClCompile Include="Inet\NetLibTranslator.cpp">
      <Filter>Source Files</Filter>
    </ClCompile>
    <ClCompile Include="NetOptionDlg.cpp">
      <Filter>Source Files</Filter>
    </ClCompile>
    <ClCompile Include="OFSDhtmlEditCtrl\OfsDhtmlCtrl.cpp">
      <Filter>Source Files</Filter>
    </ClCompile>
    <ClCompile Include="OFSNcDlg.cpp">
      <Filter>Source Files</Filter>
    </ClCompile>
    <ClCompile Include="OFSNcDlg2.cpp">
      <Filter>Source Files</Filter>
    </ClCompile>
    <ClCompile Include="OfsTv.cpp">
      <Filter>Source Files</Filter>
    </ClCompile>
    <ClCompile Include="PageAlerts.cpp">
      <Filter>Source Files</Filter>
    </ClCompile>
    <ClCompile Include="PageApps.cpp">
      <Filter>Source Files</Filter>
    </ClCompile>
    <ClCompile Include="PageChat.cpp">
      <Filter>Source Files</Filter>
    </ClCompile>
    <ClCompile Include="PageContactListMode.cpp">
      <Filter>Source Files</Filter>
    </ClCompile>
    <ClCompile Include="PageDialogMode.cpp">
      <Filter>Source Files</Filter>
    </ClCompile>
    <ClCompile Include="PageEditMode.cpp">
      <Filter>Source Files</Filter>
    </ClCompile>
    <ClCompile Include="PageGeneral.cpp">
      <Filter>Source Files</Filter>
    </ClCompile>
    <ClCompile Include="PageHistorySync.cpp">
      <Filter>Source Files</Filter>
    </ClCompile>
    <ClCompile Include="PageLaunchMode.cpp">
      <Filter>Source Files</Filter>
    </ClCompile>
    <ClCompile Include="PageMesTemplate.cpp">
      <Filter>Source Files</Filter>
    </ClCompile>
    <ClCompile Include="PageSound.cpp">
      <Filter>Source Files</Filter>
    </ClCompile>
    <ClCompile Include="PageStatusMode.cpp">
      <Filter>Source Files</Filter>
    </ClCompile>
    <ClCompile Include="PictureEx.cpp">
      <Filter>Source Files</Filter>
    </ClCompile>
    <ClCompile Include="PictureObj.cpp">
      <Filter>Source Files</Filter>
    </ClCompile>
    <ClCompile Include="PopupMessage.cpp">
      <Filter>Source Files</Filter>
    </ClCompile>
    <ClCompile Include="ResizableDialog.cpp">
      <Filter>Source Files</Filter>
    </ClCompile>
    <ClCompile Include="ResizableImage.cpp">
      <Filter>Source Files</Filter>
    </ClCompile>
    <ClCompile Include="SaveDataBase.cpp">
      <Filter>Source Files</Filter>
    </ClCompile>
    <ClCompile Include="ScreenShotDlg.cpp">
      <Filter>Source Files</Filter>
    </ClCompile>
    <ClCompile Include="SelectColorListBox.cpp">
      <Filter>Source Files</Filter>
    </ClCompile>
    <ClCompile Include="SelectServer.cpp">
      <Filter>Source Files</Filter>
    </ClCompile>
    <ClCompile Include="SelectSmileDlg.cpp">
      <Filter>Source Files</Filter>
    </ClCompile>
    <ClCompile Include="SENDTO_MESSAGE.cpp">
      <Filter>Source Files</Filter>
    </ClCompile>
    <ClCompile Include="shockwaveflash.cpp">
      <Filter>Source Files</Filter>
    </ClCompile>
    <ClCompile Include="OFSDhtmlEditCtrl\SITE.CPP">
      <Filter>Source Files</Filter>
    </ClCompile>
    <ClCompile Include="SmileManager.cpp">
      <Filter>Source Files</Filter>
    </ClCompile>
    <ClCompile Include="SortHeaderCtrl.cpp">
      <Filter>Source Files</Filter>
    </ClCompile>
    <ClCompile Include="StdAfx.cpp">
      <Filter>Source Files</Filter>
    </ClCompile>
    <ClCompile Include="Subclass.cpp">
      <Filter>Source Files</Filter>
    </ClCompile>
    <ClCompile Include="SystemTray.cpp">
      <Filter>Source Files</Filter>
    </ClCompile>
    <ClCompile Include="TextComment.cpp">
      <Filter>Source Files</Filter>
    </ClCompile>
    <ClCompile Include="TextCommentSettings.cpp">
      <Filter>Source Files</Filter>
    </ClCompile>
    <ClCompile Include="OFSDhtmlEditCtrl\trifiltr.cpp">
      <Filter>Source Files</Filter>
    </ClCompile>
    <ClCompile Include="user.cpp">
      <Filter>Source Files</Filter>
    </ClCompile>
    <ClCompile Include="UserCollection.cpp">
      <Filter>Source Files</Filter>
    </ClCompile>
    <ClCompile Include="UserDetailsDlg.cpp">
      <Filter>Source Files</Filter>
    </ClCompile>
    <ClCompile Include="VariablesList.cpp">
      <Filter>Source Files</Filter>
    </ClCompile>
    <ClCompile Include="webbrowser2.cpp">
      <Filter>Source Files</Filter>
    </ClCompile>
    <ClCompile Include="WebWindow.cpp">
      <Filter>Source Files</Filter>
    </ClCompile>
    <ClCompile Include="XmlDoc.cpp">
      <Filter>Source Files</Filter>
    </ClCompile>
    <ClCompile Include="XMLParsel.cpp">
      <Filter>Source Files</Filter>
    </ClCompile>
  </ItemGroup>
  <ItemGroup>
    <ResourceCompile Include="OfsTv.rc">
      <Filter>Source Files</Filter>
    </ResourceCompile>
  </ItemGroup>
  <ItemGroup>
    <ClInclude Include="AddUserDlg.h">
      <Filter>Header Files</Filter>
    </ClInclude>
    <ClInclude Include="AddUserRequest.h">
      <Filter>Header Files</Filter>
    </ClInclude>
    <ClInclude Include="atlcrypt.h">
      <Filter>Header Files</Filter>
    </ClInclude>
    <ClInclude Include="atlenc.h">
      <Filter>Header Files</Filter>
    </ClInclude>
    <ClInclude Include="ccootree.h">
      <Filter>Header Files</Filter>
    </ClInclude>
    <ClInclude Include="cdib.h">
      <Filter>Header Files</Filter>
    </ClInclude>
    <ClInclude Include="Chat.h">
      <Filter>Header Files</Filter>
    </ClInclude>
    <ClInclude Include="ChatCreateDlg.h">
      <Filter>Header Files</Filter>
    </ClInclude>
    <ClInclude Include="ChatDlg.h">
      <Filter>Header Files</Filter>
    </ClInclude>
    <ClInclude Include="ChooseFolder.h">
      <Filter>Header Files</Filter>
    </ClInclude>
    <ClInclude Include="ColorMenu.h">
      <Filter>Header Files</Filter>
    </ClInclude>
    <ClInclude Include="Inet\CoolInet2.h">
      <Filter>Header Files</Filter>
    </ClInclude>
    <ClInclude Include="CoolMenu.h">
      <Filter>Header Files</Filter>
    </ClInclude>
    <ClInclude Include="CxImageCtrl.h">
      <Filter>Header Files</Filter>
    </ClInclude>
    <ClInclude Include="DelChatDlg.h">
      <Filter>Header Files</Filter>
    </ClInclude>
    <ClInclude Include="DelUserDlg.h">
      <Filter>Header Files</Filter>
    </ClInclude>
    <ClInclude Include="DlgAbout.h">
      <Filter>Header Files</Filter>
    </ClInclude>
    <ClInclude Include="DlgNetOptions2.h">
      <Filter>Header Files</Filter>
    </ClInclude>
    <ClInclude Include="DlgPreferences.h">
      <Filter>Header Files</Filter>
    </ClInclude>
    <ClInclude Include="DlgTV.h">
      <Filter>Header Files</Filter>
    </ClInclude>
    <ClInclude Include="EditMessageTemplateDlg.h">
      <Filter>Header Files</Filter>
    </ClInclude>
    <ClInclude Include="Inet\EventContainer.h">
      <Filter>Header Files</Filter>
    </ClInclude>
    <ClInclude Include="FileDescriptioDlg.h">
      <Filter>Header Files</Filter>
    </ClInclude>
    <ClInclude Include="FileDownloadDlg.h">
      <Filter>Header Files</Filter>
    </ClInclude>
    <ClInclude Include="FileDownloader.h">
      <Filter>Header Files</Filter>
    </ClInclude>
    <ClInclude Include="FileExplore.h">
      <Filter>Header Files</Filter>
    </ClInclude>
    <ClInclude Include="FileManagerDlg.h">
      <Filter>Header Files</Filter>
    </ClInclude>
    <ClInclude Include="FileUploadDlg.h">
      <Filter>Header Files</Filter>
    </ClInclude>
    <ClInclude Include="FIXATLBASE.H">
      <Filter>Header Files</Filter>
    </ClInclude>
    <ClInclude Include="FolderChangeNotfication.h">
      <Filter>Header Files</Filter>
    </ClInclude>
    <ClInclude Include="GlobalFunction.h">
      <Filter>Header Files</Filter>
    </ClInclude>
    <ClInclude Include="GlobalMessengerDef.h">
      <Filter>Header Files</Filter>
    </ClInclude>
    <ClInclude Include="GroupAssingToDo.h">
      <Filter>Header Files</Filter>
    </ClInclude>
    <ClInclude Include="GroupFileDescriptionDlg.h">
      <Filter>Header Files</Filter>
    </ClInclude>
    <ClInclude Include="GroupMessageSendDlg.h">
      <Filter>Header Files</Filter>
    </ClInclude>
    <ClInclude Include="HistoryDlg.h">
      <Filter>Header Files</Filter>
    </ClInclude>
    <ClInclude Include="HttpDownloader.h">
      <Filter>Header Files</Filter>
    </ClInclude>
    <ClInclude Include="IbnCommandWnd.h">
      <Filter>Header Files</Filter>
    </ClInclude>
    <ClInclude Include="IBNTO_MESSAGE.h">
      <Filter>Header Files</Filter>
    </ClInclude>
    <ClInclude Include="IBNToHandlerWindow.h">
      <Filter>Header Files</Filter>
    </ClInclude>
    <ClInclude Include="IBNUpdate.h">
      <Filter>Header Files</Filter>
    </ClInclude>
    <ClInclude Include="IBNWFGlobalFunctions.h">
      <Filter>Header Files</Filter>
    </ClInclude>
    <ClInclude Include="InviteChatDlg.h">
      <Filter>Header Files</Filter>
    </ClInclude>
    <ClInclude Include="Label.h">
      <Filter>Header Files</Filter>
    </ClInclude>
    <ClInclude Include="LoadSkins.h">
      <Filter>Header Files</Filter>
    </ClInclude>
    <ClInclude Include="LogEX.h">
      <Filter>Header Files</Filter>
    </ClInclude>
    <ClInclude Include="LoginDlg.h">
      <Filter>Header Files</Filter>
    </ClInclude>
    <ClInclude Include="MainDlg.h">
      <Filter>Header Files</Filter>
    </ClInclude>
    <ClInclude Include="McAppBar.h">
      <Filter>Header Files</Filter>
    </ClInclude>
    <ClInclude Include="McAppCtrl.h">
      <Filter>Header Files</Filter>
    </ClInclude>
    <ClInclude Include="mcbutton.h">
      <Filter>Header Files</Filter>
    </ClInclude>
    <ClInclude Include="McLoaderImpl.h">
      <Filter>Header Files</Filter>
    </ClInclude>
    <ClInclude Include="McLoginAutoCompleteSource.h">
      <Filter>Header Files</Filter>
    </ClInclude>
    <ClInclude Include="McLogo.h">
      <Filter>Header Files</Filter>
    </ClInclude>
    <ClInclude Include="McMessengerHost.h">
      <Filter>Header Files</Filter>
    </ClInclude>
    <ClInclude Include="mcprogress.h">
      <Filter>Header Files</Filter>
    </ClInclude>
    <ClInclude Include="McSettings.h">
      <Filter>Header Files</Filter>
    </ClInclude>
    <ClInclude Include="McSettingsDlg.h">
      <Filter>Header Files</Filter>
    </ClInclude>
    <ClInclude Include="mcticker.h">
      <Filter>Header Files</Filter>
    </ClInclude>
    <ClInclude Include="McUpdateWindow.h">
      <Filter>Header Files</Filter>
    </ClInclude>
    <ClInclude Include="McVersionInfo.h">
      <Filter>Header Files</Filter>
    </ClInclude>
    <ClInclude Include="McWindowDetails.h">
      <Filter>Header Files</Filter>
    </ClInclude>
    <ClInclude Include="mediaplayer2.h">
      <Filter>Header Files</Filter>
    </ClInclude>
    <ClInclude Include="MemDC.h">
      <Filter>Header Files</Filter>
    </ClInclude>
    <ClInclude Include="Message.h">
      <Filter>Header Files</Filter>
    </ClInclude>
    <ClInclude Include="MessageDlg.h">
      <Filter>Header Files</Filter>
    </ClInclude>
    <ClInclude Include="MessageSplitDlg3.h">
      <Filter>Header Files</Filter>
    </ClInclude>
    <ClInclude Include="MiniDump\MiniDump.h">
      <Filter>Header Files</Filter>
    </ClInclude>
    <ClInclude Include="MonitorDialog.h">
      <Filter>Header Files</Filter>
    </ClInclude>
    <ClInclude Include="MonitorGraph.h">
      <Filter>Header Files</Filter>
    </ClInclude>
    <ClInclude Include="mpadhtmlctrl.h">
      <Filter>Header Files</Filter>
    </ClInclude>
    <ClInclude Include="MpaWebEvent.h">
      <Filter>Header Files</Filter>
    </ClInclude>
    <ClInclude Include="Inet\NetLibTranslator.h">
      <Filter>Header Files</Filter>
    </ClInclude>
    <ClInclude Include="NetOptionDlg.h">
      <Filter>Header Files</Filter>
    </ClInclude>
    <ClInclude Include="OFSConst.h">
      <Filter>Header Files</Filter>
    </ClInclude>
    <ClInclude Include="OFSDhtmlEditCtrl\OfsDhtmlCtrl.h">
      <Filter>Header Files</Filter>
    </ClInclude>
    <ClInclude Include="OFSNcDlg.h">
      <Filter>Header Files</Filter>
    </ClInclude>
    <ClInclude Include="OFSNcDlg2.h">
      <Filter>Header Files</Filter>
    </ClInclude>
    <ClInclude Include="OfsTv.h">
      <Filter>Header Files</Filter>
    </ClInclude>
    <ClInclude Include="PageAlerts.h">
      <Filter>Header Files</Filter>
    </ClInclude>
    <ClInclude Include="PageApps.h">
      <Filter>Header Files</Filter>
    </ClInclude>
    <ClInclude Include="PageChat.h">
      <Filter>Header Files</Filter>
    </ClInclude>
    <ClInclude Include="PageContactListMode.h">
      <Filter>Header Files</Filter>
    </ClInclude>
    <ClInclude Include="PageDialogMode.h">
      <Filter>Header Files</Filter>
    </ClInclude>
    <ClInclude Include="PageEditMode.h">
      <Filter>Header Files</Filter>
    </ClInclude>
    <ClInclude Include="PageGeneral.h">
      <Filter>Header Files</Filter>
    </ClInclude>
    <ClInclude Include="PageHistorySync.h">
      <Filter>Header Files</Filter>
    </ClInclude>
    <ClInclude Include="PageLaunchMode.h">
      <Filter>Header Files</Filter>
    </ClInclude>
    <ClInclude Include="PageMesTemplate.h">
      <Filter>Header Files</Filter>
    </ClInclude>
    <ClInclude Include="PageSound.h">
      <Filter>Header Files</Filter>
    </ClInclude>
    <ClInclude Include="PageStatusMode.h">
      <Filter>Header Files</Filter>
    </ClInclude>
    <ClInclude Include="PictureEx.h">
      <Filter>Header Files</Filter>
    </ClInclude>
    <ClInclude Include="PictureObj.h">
      <Filter>Header Files</Filter>
    </ClInclude>
    <ClInclude Include="PopupMessage.h">
      <Filter>Header Files</Filter>
    </ClInclude>
    <ClInclude Include="ResizableDialog.h">
      <Filter>Header Files</Filter>
    </ClInclude>
    <ClInclude Include="ResizableImage.h">
      <Filter>Header Files</Filter>
    </ClInclude>
    <ClInclude Include="Resource.h">
      <Filter>Header Files</Filter>
    </ClInclude>
    <ClInclude Include="SaveDataBase.h">
      <Filter>Header Files</Filter>
    </ClInclude>
    <ClInclude Include="ScreenShotDlg.h">
      <Filter>Header Files</Filter>
    </ClInclude>
    <ClInclude Include="SelectColorListBox.h">
      <Filter>Header Files</Filter>
    </ClInclude>
    <ClInclude Include="SelectServer.h">
      <Filter>Header Files</Filter>
    </ClInclude>
    <ClInclude Include="SelectSmileDlg.h">
      <Filter>Header Files</Filter>
    </ClInclude>
    <ClInclude Include="SENDTO_MESSAGE.h">
      <Filter>Header Files</Filter>
    </ClInclude>
    <ClInclude Include="shockwaveflash.h">
      <Filter>Header Files</Filter>
    </ClInclude>
    <ClInclude Include="OFSDhtmlEditCtrl\SITE.H">
      <Filter>Header Files</Filter>
    </ClInclude>
    <ClInclude Include="SmileManager.h">
      <Filter>Header Files</Filter>
    </ClInclude>
    <ClInclude Include="SortHeaderCtrl.h">
      <Filter>Header Files</Filter>
    </ClInclude>
    <ClInclude Include="StdAfx.h">
      <Filter>Header Files</Filter>
    </ClInclude>
    <ClInclude Include="Subclass.h">
      <Filter>Header Files</Filter>
    </ClInclude>
    <ClInclude Include="SupportXMLFunction.h">
      <Filter>Header Files</Filter>
    </ClInclude>
    <ClInclude Include="SystemTray.h">
      <Filter>Header Files</Filter>
    </ClInclude>
    <ClInclude Include="TextComment.h">
      <Filter>Header Files</Filter>
    </ClInclude>
    <ClInclude Include="TextCommentSettings.h">
      <Filter>Header Files</Filter>
    </ClInclude>
    <ClInclude Include="user.h">
      <Filter>Header Files</Filter>
    </ClInclude>
    <ClInclude Include="UserCollection.h">
      <Filter>Header Files</Filter>
    </ClInclude>
    <ClInclude Include="UserDetailsDlg.h">
      <Filter>Header Files</Filter>
    </ClInclude>
    <ClInclude Include="VariablesList.h">
      <Filter>Header Files</Filter>
    </ClInclude>
    <ClInclude Include="webbrowser2.h">
      <Filter>Header Files</Filter>
    </ClInclude>
    <ClInclude Include="WebWindow.h">
      <Filter>Header Files</Filter>
    </ClInclude>
    <ClInclude Include="XmlDoc.h">
      <Filter>Header Files</Filter>
    </ClInclude>
    <ClInclude Include="XMLParsel.h">
      <Filter>Header Files</Filter>
    </ClInclude>
  </ItemGroup>
  <ItemGroup>
    <CustomBuild Include="atlcrypt.inl">
      <Filter>Header Files</Filter>
    </CustomBuild>
    <CustomBuild Include="res\bold.bmp">
      <Filter>Resource Files</Filter>
    </CustomBuild>
    <CustomBuild Include="res\check_icon.ico">
      <Filter>Resource Files</Filter>
    </CustomBuild>
    <CustomBuild Include="res\color.bmp">
      <Filter>Resource Files</Filter>
    </CustomBuild>
    <CustomBuild Include="res\empty.ico">
      <Filter>Resource Files</Filter>
    </CustomBuild>
    <CustomBuild Include="res\hand.cur">
      <Filter>Resource Files</Filter>
    </CustomBuild>
    <CustomBuild Include="res\handcatch1.cur">
      <Filter>Resource Files</Filter>
    </CustomBuild>
    <CustomBuild Include="res\handcatch2.cur">
      <Filter>Resource Files</Filter>
    </CustomBuild>
    <CustomBuild Include="res\italic.bmp">
      <Filter>Resource Files</Filter>
    </CustomBuild>
    <CustomBuild Include="res\newmessa.ico">
      <Filter>Resource Files</Filter>
    </CustomBuild>
    <CustomBuild Include="res\OfsTv.rc2">
      <Filter>Resource Files</Filter>
    </CustomBuild>
    <CustomBuild Include="res\pencursor.cur">
      <Filter>Resource Files</Filter>
    </CustomBuild>
    <CustomBuild Include="res\select.cur">
      <Filter>Resource Files</Filter>
    </CustomBuild>
    <CustomBuild Include="res\send.avi">
      <Filter>Resource Files</Filter>
    </CustomBuild>
    <CustomBuild Include="res\slith.cur">
      <Filter>Resource Files</Filter>
    </CustomBuild>
    <CustomBuild Include="res\smile.bmp">
      <Filter>Resource Files</Filter>
    </CustomBuild>
    <CustomBuild Include="res\Smiles.bmp">
      <Filter>Resource Files</Filter>
    </CustomBuild>
    <CustomBuild Include="res\splitv.cur">
      <Filter>Resource Files</Filter>
    </CustomBuild>
    <CustomBuild Include="res\textcursor.cur">
      <Filter>Resource Files</Filter>
    </CustomBuild>
    <CustomBuild Include="res\treecheck.bmp">
      <Filter>Resource Files</Filter>
    </CustomBuild>
    <CustomBuild Include="res\underlin.bmp">
      <Filter>Resource Files</Filter>
    </CustomBuild>
    <CustomBuild Include="ReadMe.txt" />
    <CustomBuild Include="res_MagRul\OfsTv.ico">
      <Filter>Resource Files</Filter>
    </CustomBuild>
    <CustomBuild Include="res_IBN\OfsTv.ico">
      <Filter>Resource Files</Filter>
    </CustomBuild>
    <CustomBuild Include="res_MagRul\traystat.bmp">
      <Filter>Resource Files</Filter>
    </CustomBuild>
    <CustomBuild Include="res_IBN\traystat.bmp">
      <Filter>Resource Files</Filter>
    </CustomBuild>
  </ItemGroup>
  <ItemGroup>
    <None Include="McScreenCapture.tlb" />
  </ItemGroup>
</Project>